
Microsoft Visual Studio Solution File, Format Version 12.00
# Visual Studio Version 16
VisualStudioVersion = 16.0.28729.10
MinimumVisualStudioVersion = 10.0.40219.1
Project("{9A19103F-16F7-4668-BE54-9A1E7A4F7556}") = "Ookii.CommandLine", "Ookii.CommandLine\Ookii.CommandLine.csproj", "{8F0E16C7-D6AC-43B0-B31F-37EDDB84C03A}"
EndProject
Project("{FAE04EC0-301F-11D3-BF4B-00C04F79EFBC}") = "CommandLineSampleCS", "CommandLineSampleCS\CommandLineSampleCS.csproj", "{EEE4AF9C-C7C5-485B-9B8F-8035E7E428B7}"
EndProject
Project("{F184B08F-C81C-45F6-A57F-5ABD9991F28F}") = "CommandLineSampleVB", "CommandLineSampleVB\CommandLineSampleVB.vbproj", "{E921A68B-3562-4F20-8B50-5BE8D8E2CD31}"
EndProject
Project("{FAE04EC0-301F-11D3-BF4B-00C04F79EFBC}") = "Ookii.CommandLine.Tests", "Ookii.CommandLine.Tests\Ookii.CommandLine.Tests.csproj", "{D5215F4A-842F-45CE-8F01-4D8A2CF82E03}"
EndProject
Project("{2150E333-8FDC-42A3-9474-1A3956D46DE8}") = "Solution Items", "Solution Items", "{412AEB8D-40EF-4637-AD7D-CD71AD6ACB96}"
	ProjectSection(SolutionItems) = preProject
		AssemblyInfoCommon.cs = AssemblyInfoCommon.cs
		AssemblyInfoCommon.cs .template = AssemblyInfoCommon.cs .template
		AssemblyInfoCommon.xml.template = AssemblyInfoCommon.xml.template
		Create-AssemblyInfoCommon.ps1 = Create-AssemblyInfoCommon.ps1
		Create-Release.ps1 = Create-Release.ps1
		history.txt = history.txt
		Local.testsettings = Local.testsettings
		Ookii.CommandLine.vsmdi = Ookii.CommandLine.vsmdi
	EndProjectSection
EndProject
Project("{FAE04EC0-301F-11D3-BF4B-00C04F79EFBC}") = "ShellCommandSampleCS", "ShellCommandSampleCS\ShellCommandSampleCS.csproj", "{7A941B1E-02F4-47C4-8A6C-F0D0971D6223}"
EndProject
Project("{F184B08F-C81C-45F6-A57F-5ABD9991F28F}") = "ShellCommandSampleVB", "ShellCommandSampleVB\ShellCommandSampleVB.vbproj", "{4F896C58-081C-4178-BFBC-B0A3EB7F429D}"
EndProject
Global
	GlobalSection(SolutionConfigurationPlatforms) = preSolution
		Debug|Any CPU = Debug|Any CPU
		Release|Any CPU = Release|Any CPU
	EndGlobalSection
	GlobalSection(ProjectConfigurationPlatforms) = postSolution
		{8F0E16C7-D6AC-43B0-B31F-37EDDB84C03A}.Debug|Any CPU.ActiveCfg = Debug|Any CPU
		{8F0E16C7-D6AC-43B0-B31F-37EDDB84C03A}.Debug|Any CPU.Build.0 = Debug|Any CPU
		{8F0E16C7-D6AC-43B0-B31F-37EDDB84C03A}.Release|Any CPU.ActiveCfg = Release|Any CPU
		{8F0E16C7-D6AC-43B0-B31F-37EDDB84C03A}.Release|Any CPU.Build.0 = Release|Any CPU
		{EEE4AF9C-C7C5-485B-9B8F-8035E7E428B7}.Debug|Any CPU.ActiveCfg = Debug|Any CPU
		{EEE4AF9C-C7C5-485B-9B8F-8035E7E428B7}.Debug|Any CPU.Build.0 = Debug|Any CPU
		{EEE4AF9C-C7C5-485B-9B8F-8035E7E428B7}.Release|Any CPU.ActiveCfg = Release|Any CPU
		{EEE4AF9C-C7C5-485B-9B8F-8035E7E428B7}.Release|Any CPU.Build.0 = Release|Any CPU
		{E921A68B-3562-4F20-8B50-5BE8D8E2CD31}.Debug|Any CPU.ActiveCfg = Debug|Any CPU
		{E921A68B-3562-4F20-8B50-5BE8D8E2CD31}.Debug|Any CPU.Build.0 = Debug|Any CPU
		{E921A68B-3562-4F20-8B50-5BE8D8E2CD31}.Release|Any CPU.ActiveCfg = Release|Any CPU
		{E921A68B-3562-4F20-8B50-5BE8D8E2CD31}.Release|Any CPU.Build.0 = Release|Any CPU
		{D5215F4A-842F-45CE-8F01-4D8A2CF82E03}.Debug|Any CPU.ActiveCfg = Debug|Any CPU
		{D5215F4A-842F-45CE-8F01-4D8A2CF82E03}.Debug|Any CPU.Build.0 = Debug|Any CPU
		{D5215F4A-842F-45CE-8F01-4D8A2CF82E03}.Release|Any CPU.ActiveCfg = Release|Any CPU
		{D5215F4A-842F-45CE-8F01-4D8A2CF82E03}.Release|Any CPU.Build.0 = Release|Any CPU
		{7A941B1E-02F4-47C4-8A6C-F0D0971D6223}.Debug|Any CPU.ActiveCfg = Debug|Any CPU
		{7A941B1E-02F4-47C4-8A6C-F0D0971D6223}.Debug|Any CPU.Build.0 = Debug|Any CPU
		{7A941B1E-02F4-47C4-8A6C-F0D0971D6223}.Release|Any CPU.ActiveCfg = Release|Any CPU
		{7A941B1E-02F4-47C4-8A6C-F0D0971D6223}.Release|Any CPU.Build.0 = Release|Any CPU
		{4F896C58-081C-4178-BFBC-B0A3EB7F429D}.Debug|Any CPU.ActiveCfg = Debug|Any CPU
		{4F896C58-081C-4178-BFBC-B0A3EB7F429D}.Debug|Any CPU.Build.0 = Debug|Any CPU
		{4F896C58-081C-4178-BFBC-B0A3EB7F429D}.Release|Any CPU.ActiveCfg = Release|Any CPU
		{4F896C58-081C-4178-BFBC-B0A3EB7F429D}.Release|Any CPU.Build.0 = Release|Any CPU
	EndGlobalSection
	GlobalSection(SolutionProperties) = preSolution
		HideSolutionNode = FALSE
	EndGlobalSection
	GlobalSection(ExtensibilityGlobals) = postSolution
		SolutionGuid = {207573B6-FB3B-4CDA-903D-A4ED4F74121F}
	EndGlobalSection
	GlobalSection(TestCaseManagementSettings) = postSolution
		CategoryFile = Ookii.CommandLine.vsmdi
	EndGlobalSection
EndGlobal
