
Microsoft Visual Studio Solution File, Format Version 12.00
# Visual Studio Version 17
VisualStudioVersion = 17.2.32802.462
MinimumVisualStudioVersion = 10.0.40219.1
Project("{2150E333-8FDC-42A3-9474-1A3956D46DE8}") = "Solution Items", "Solution Items", "{412AEB8D-40EF-4637-AD7D-CD71AD6ACB96}"
	ProjectSection(SolutionItems) = preProject
		.editorconfig = .editorconfig
		Create-Release.ps1 = Create-Release.ps1
		history.txt = history.txt
		test.runsettings = test.runsettings
	EndProjectSection
EndProject
Project("{9A19103F-16F7-4668-BE54-9A1E7A4F7556}") = "Ookii.CommandLine", "Ookii.CommandLine\Ookii.CommandLine.csproj", "{F129AB74-89C1-4813-A846-C52D5A96F51D}"
EndProject
Project("{9A19103F-16F7-4668-BE54-9A1E7A4F7556}") = "Ookii.CommandLine.Tests", "Ookii.CommandLine.Tests\Ookii.CommandLine.Tests.csproj", "{4A8A3592-9A83-45CC-AD6A-17D505F48054}"
EndProject
Project("{9A19103F-16F7-4668-BE54-9A1E7A4F7556}") = "Parser", "Samples\Parser\Parser.csproj", "{A8F86838-1956-4046-A8D9-93EBC301A468}"
EndProject
Project("{9A19103F-16F7-4668-BE54-9A1E7A4F7556}") = "SubCommand", "Samples\SubCommand\SubCommand.csproj", "{329D012F-AD31-4D50-AE3C-8F500CDF62FA}"
EndProject
Project("{2150E333-8FDC-42A3-9474-1A3956D46DE8}") = "Samples", "Samples", "{DC9CCD22-9B9B-4298-8C68-BC7A5A680F93}"
EndProject
Project("{FAE04EC0-301F-11D3-BF4B-00C04F79EFBC}") = "LongShort", "Samples\LongShort\LongShort.csproj", "{93BFF597-D9C8-400E-919F-81D44772B99B}"
EndProject
Global
	GlobalSection(SolutionConfigurationPlatforms) = preSolution
		Debug|Any CPU = Debug|Any CPU
		Release|Any CPU = Release|Any CPU
	EndGlobalSection
	GlobalSection(ProjectConfigurationPlatforms) = postSolution
		{F129AB74-89C1-4813-A846-C52D5A96F51D}.Debug|Any CPU.ActiveCfg = Debug|Any CPU
		{F129AB74-89C1-4813-A846-C52D5A96F51D}.Debug|Any CPU.Build.0 = Debug|Any CPU
		{F129AB74-89C1-4813-A846-C52D5A96F51D}.Release|Any CPU.ActiveCfg = Release|Any CPU
		{F129AB74-89C1-4813-A846-C52D5A96F51D}.Release|Any CPU.Build.0 = Release|Any CPU
		{4A8A3592-9A83-45CC-AD6A-17D505F48054}.Debug|Any CPU.ActiveCfg = Debug|Any CPU
		{4A8A3592-9A83-45CC-AD6A-17D505F48054}.Debug|Any CPU.Build.0 = Debug|Any CPU
		{4A8A3592-9A83-45CC-AD6A-17D505F48054}.Release|Any CPU.ActiveCfg = Release|Any CPU
		{4A8A3592-9A83-45CC-AD6A-17D505F48054}.Release|Any CPU.Build.0 = Release|Any CPU
		{A8F86838-1956-4046-A8D9-93EBC301A468}.Debug|Any CPU.ActiveCfg = Debug|Any CPU
		{A8F86838-1956-4046-A8D9-93EBC301A468}.Debug|Any CPU.Build.0 = Debug|Any CPU
		{A8F86838-1956-4046-A8D9-93EBC301A468}.Release|Any CPU.ActiveCfg = Release|Any CPU
		{A8F86838-1956-4046-A8D9-93EBC301A468}.Release|Any CPU.Build.0 = Release|Any CPU
		{329D012F-AD31-4D50-AE3C-8F500CDF62FA}.Debug|Any CPU.ActiveCfg = Debug|Any CPU
		{329D012F-AD31-4D50-AE3C-8F500CDF62FA}.Debug|Any CPU.Build.0 = Debug|Any CPU
		{329D012F-AD31-4D50-AE3C-8F500CDF62FA}.Release|Any CPU.ActiveCfg = Release|Any CPU
		{329D012F-AD31-4D50-AE3C-8F500CDF62FA}.Release|Any CPU.Build.0 = Release|Any CPU
		{93BFF597-D9C8-400E-919F-81D44772B99B}.Debug|Any CPU.ActiveCfg = Debug|Any CPU
		{93BFF597-D9C8-400E-919F-81D44772B99B}.Debug|Any CPU.Build.0 = Debug|Any CPU
		{93BFF597-D9C8-400E-919F-81D44772B99B}.Release|Any CPU.ActiveCfg = Release|Any CPU
		{93BFF597-D9C8-400E-919F-81D44772B99B}.Release|Any CPU.Build.0 = Release|Any CPU
	EndGlobalSection
	GlobalSection(SolutionProperties) = preSolution
		HideSolutionNode = FALSE
	EndGlobalSection
	GlobalSection(NestedProjects) = preSolution
		{A8F86838-1956-4046-A8D9-93EBC301A468} = {DC9CCD22-9B9B-4298-8C68-BC7A5A680F93}
		{329D012F-AD31-4D50-AE3C-8F500CDF62FA} = {DC9CCD22-9B9B-4298-8C68-BC7A5A680F93}
		{93BFF597-D9C8-400E-919F-81D44772B99B} = {DC9CCD22-9B9B-4298-8C68-BC7A5A680F93}
	EndGlobalSection
	GlobalSection(ExtensibilityGlobals) = postSolution
		SolutionGuid = {6E22AD53-E031-474F-8AC7-B247C4311820}
	EndGlobalSection
	GlobalSection(TestCaseManagementSettings) = postSolution
		CategoryFile = Ookii.CommandLine.vsmdi
	EndGlobalSection
EndGlobal
